# THIS IS AN AUTOGENERATED FILE. DO NOT EDIT THIS FILE DIRECTLY.
# yarn lockfile v1


"@photo-sphere-viewer/core@^5.13.1":
  version "5.13.1"
  resolved "https://registry.yarnpkg.com/@photo-sphere-viewer/core/-/core-5.13.1.tgz#9de28ff9f547e3bd8a7758a5846b066046f1cf32"
  integrity sha512-f5fkoGPCBUt5BD9S9U37h+UDmo2slMZThesoH82iyjKR6uRyYnJvJXwopwo+iMfc6x1ZAWmustBBuES4qKzx+g==
  dependencies:
    three "^0.175.0"

spritespin@^4.1.0:
  version "4.1.0"
  resolved "https://registry.yarnpkg.com/spritespin/-/spritespin-4.1.0.tgz#b211534828ca62bee2937e60e2a7838c6f84af73"
  integrity sha512-R2mfiAkIphuUOCv53fOwgsTDnrQ+SFNHjgxDSMKUeN6cjYakLYEFm6piWAriyTsKqq40TVklksqQdtWnmnpSBQ==

three@^0.175.0:
  version "0.175.0"
  resolved "https://registry.yarnpkg.com/three/-/three-0.175.0.tgz#67b357b0b1ee8ef0445b9a768f59363ab1fa7921"
  integrity sha512-nNE3pnTHxXN/Phw768u0Grr7W4+rumGg/H6PgeseNJojkJtmeHJfZWi41Gp2mpXl1pg1pf1zjwR4McM1jTqkpg==
